
Microsoft Visual Studio Solution File, Format Version 12.00
# Visual Studio Version 16
VisualStudioVersion = 16.0.30523.141
MinimumVisualStudioVersion = 10.0.40219.1
Project("{FAE04EC0-301F-11D3-BF4B-00C04F79EFBC}") = "agendaManuSecom", "agendaManuSecom\agendaManuSecom.csproj", "{BE48134C-EE1C-48A3-9A1E-22EB00D4FE26}"
EndProject
Global
	GlobalSection(SolutionConfigurationPlatforms) = preSolution
		Debug|Any CPU = Debug|Any CPU
		Release|Any CPU = Release|Any CPU
	EndGlobalSection
	GlobalSection(ProjectConfigurationPlatforms) = postSolution
		{BE48134C-EE1C-48A3-9A1E-22EB00D4FE26}.Debug|Any CPU.ActiveCfg = Debug|Any CPU
		{BE48134C-EE1C-48A3-9A1E-22EB00D4FE26}.Debug|Any CPU.Build.0 = Debug|Any CPU
		{BE48134C-EE1C-48A3-9A1E-22EB00D4FE26}.Release|Any CPU.ActiveCfg = Release|Any CPU
		{BE48134C-EE1C-48A3-9A1E-22EB00D4FE26}.Release|Any CPU.Build.0 = Release|Any CPU
	EndGlobalSection
	GlobalSection(SolutionProperties) = preSolution
		HideSolutionNode = FALSE
	EndGlobalSection
	GlobalSection(ExtensibilityGlobals) = postSolution
		SolutionGuid = {A8C12C01-552F-4110-9145-136B8AD7C171}
	EndGlobalSection
EndGlobal
